
Microsoft Visual Studio Solution File, Format Version 12.00
# Visual Studio Version 17
VisualStudioVersion = 17.1.32228.430
MinimumVisualStudioVersion = 10.0.40219.1
Project("{9A19103F-16F7-4668-BE54-9A1E7A4F7556}") = "Vista", "Vista\Vista.csproj", "{1094EBDE-8F86-4522-9A82-CD8657F328A2}"
EndProject
Project("{FAE04EC0-301F-11D3-BF4B-00C04F79EFBC}") = "Archivos", "Archivos\Archivos.csproj", "{4A092981-8604-44B7-B443-2B742C9BB999}"
EndProject
Project("{FAE04EC0-301F-11D3-BF4B-00C04F79EFBC}") = "Entidades", "Entidades\Entidades.csproj", "{661C8114-7746-4E6D-84A3-AC85FD80F8C7}"
EndProject
Project("{FAE04EC0-301F-11D3-BF4B-00C04F79EFBC}") = "Logica", "Logica\Logica.csproj", "{D953A267-A711-4FCB-8D67-C431E835047E}"
EndProject
Global
	GlobalSection(SolutionConfigurationPlatforms) = preSolution
		Debug|Any CPU = Debug|Any CPU
		Release|Any CPU = Release|Any CPU
	EndGlobalSection
	GlobalSection(ProjectConfigurationPlatforms) = postSolution
		{1094EBDE-8F86-4522-9A82-CD8657F328A2}.Debug|Any CPU.ActiveCfg = Debug|Any CPU
		{1094EBDE-8F86-4522-9A82-CD8657F328A2}.Debug|Any CPU.Build.0 = Debug|Any CPU
		{1094EBDE-8F86-4522-9A82-CD8657F328A2}.Release|Any CPU.ActiveCfg = Release|Any CPU
		{1094EBDE-8F86-4522-9A82-CD8657F328A2}.Release|Any CPU.Build.0 = Release|Any CPU
		{4A092981-8604-44B7-B443-2B742C9BB999}.Debug|Any CPU.ActiveCfg = Debug|Any CPU
		{4A092981-8604-44B7-B443-2B742C9BB999}.Debug|Any CPU.Build.0 = Debug|Any CPU
		{4A092981-8604-44B7-B443-2B742C9BB999}.Release|Any CPU.ActiveCfg = Release|Any CPU
		{4A092981-8604-44B7-B443-2B742C9BB999}.Release|Any CPU.Build.0 = Release|Any CPU
		{661C8114-7746-4E6D-84A3-AC85FD80F8C7}.Debug|Any CPU.ActiveCfg = Debug|Any CPU
		{661C8114-7746-4E6D-84A3-AC85FD80F8C7}.Debug|Any CPU.Build.0 = Debug|Any CPU
		{661C8114-7746-4E6D-84A3-AC85FD80F8C7}.Release|Any CPU.ActiveCfg = Release|Any CPU
		{661C8114-7746-4E6D-84A3-AC85FD80F8C7}.Release|Any CPU.Build.0 = Release|Any CPU
		{D953A267-A711-4FCB-8D67-C431E835047E}.Debug|Any CPU.ActiveCfg = Debug|Any CPU
		{D953A267-A711-4FCB-8D67-C431E835047E}.Debug|Any CPU.Build.0 = Debug|Any CPU
		{D953A267-A711-4FCB-8D67-C431E835047E}.Release|Any CPU.ActiveCfg = Release|Any CPU
		{D953A267-A711-4FCB-8D67-C431E835047E}.Release|Any CPU.Build.0 = Release|Any CPU
	EndGlobalSection
	GlobalSection(SolutionProperties) = preSolution
		HideSolutionNode = FALSE
	EndGlobalSection
	GlobalSection(ExtensibilityGlobals) = postSolution
		SolutionGuid = {01D3907F-23A6-4BEE-8BE4-77EEEFB15A05}
	EndGlobalSection
EndGlobal
