
Microsoft Visual Studio Solution File, Format Version 12.00
# Visual Studio Version 17
VisualStudioVersion = 17.1.32228.430
MinimumVisualStudioVersion = 10.0.40219.1
Project("{FAE04EC0-301F-11D3-BF4B-00C04F79EFBC}") = "Vista", "Vista\Vista.csproj", "{BD0850BB-8DC8-4A7C-AC20-C77786D1AF68}"
EndProject
Global
	GlobalSection(SolutionConfigurationPlatforms) = preSolution
		Debug|Any CPU = Debug|Any CPU
		Release|Any CPU = Release|Any CPU
	EndGlobalSection
	GlobalSection(ProjectConfigurationPlatforms) = postSolution
		{BD0850BB-8DC8-4A7C-AC20-C77786D1AF68}.Debug|Any CPU.ActiveCfg = Debug|Any CPU
		{BD0850BB-8DC8-4A7C-AC20-C77786D1AF68}.Debug|Any CPU.Build.0 = Debug|Any CPU
		{BD0850BB-8DC8-4A7C-AC20-C77786D1AF68}.Release|Any CPU.ActiveCfg = Release|Any CPU
		{BD0850BB-8DC8-4A7C-AC20-C77786D1AF68}.Release|Any CPU.Build.0 = Release|Any CPU
	EndGlobalSection
	GlobalSection(SolutionProperties) = preSolution
		HideSolutionNode = FALSE
	EndGlobalSection
	GlobalSection(ExtensibilityGlobals) = postSolution
		SolutionGuid = {8E231129-6157-4670-B864-F6AEC341169C}
	EndGlobalSection
EndGlobal
